
Microsoft Visual Studio Solution File, Format Version 12.00
# Visual Studio Version 16
VisualStudioVersion = 16.0.30413.136
MinimumVisualStudioVersion = 10.0.40219.1
Project("{FAE04EC0-301F-11D3-BF4B-00C04F79EFBC}") = "WpfVectorViewer", "WpfVectorViewer\WpfVectorViewer.csproj", "{092231F0-A917-4609-8B32-2A31E17BE6FF}"
EndProject
Global
	GlobalSection(SolutionConfigurationPlatforms) = preSolution
		Debug|Any CPU = Debug|Any CPU
		Release|Any CPU = Release|Any CPU
	EndGlobalSection
	GlobalSection(ProjectConfigurationPlatforms) = postSolution
		{092231F0-A917-4609-8B32-2A31E17BE6FF}.Debug|Any CPU.ActiveCfg = Debug|Any CPU
		{092231F0-A917-4609-8B32-2A31E17BE6FF}.Debug|Any CPU.Build.0 = Debug|Any CPU
		{092231F0-A917-4609-8B32-2A31E17BE6FF}.Release|Any CPU.ActiveCfg = Release|Any CPU
		{092231F0-A917-4609-8B32-2A31E17BE6FF}.Release|Any CPU.Build.0 = Release|Any CPU
	EndGlobalSection
	GlobalSection(SolutionProperties) = preSolution
		HideSolutionNode = FALSE
	EndGlobalSection
	GlobalSection(ExtensibilityGlobals) = postSolution
		SolutionGuid = {FBFFAB85-9515-44AD-A36C-0DAD7F145F7E}
	EndGlobalSection
EndGlobal
